PODS:
  - Capacitor (7.4.5):
    - CapacitorCordova
  - CapacitorApp (7.0.0):
    - Capacitor
  - CapacitorCommunityBluetoothLe (7.3.0):
    - Capacitor
  - CapacitorCordova (7.4.5)
  - CapacitorHaptics (7.0.0):
    - Capacitor
  - CapacitorKeyboard (7.0.0):
    - Capacitor
  - CapacitorPushNotifications (7.0.4):
    - Capacitor
  - CapacitorStatusBar (7.0.0):
    - Capacitor

DEPENDENCIES:
  - "Capacitor (from `../../node_modules/@capacitor/ios`)"
  - "CapacitorApp (from `../../node_modules/@capacitor/app`)"
  - "CapacitorCommunityBluetoothLe (from `../../node_modules/@capacitor-community/bluetooth-le`)"
  - "CapacitorCordova (from `../../node_modules/@capacitor/ios`)"
  - "CapacitorHaptics (from `../../node_modules/@capacitor/haptics`)"
  - "CapacitorKeyboard (from `../../node_modules/@capacitor/keyboard`)"
  - "CapacitorPushNotifications (from `../../node_modules/@capacitor/push-notifications`)"
  - "CapacitorStatusBar (from `../../node_modules/@capacitor/status-bar`)"

EXTERNAL SOURCES:
  Capacitor:
    :path: "../../node_modules/@capacitor/ios"
  CapacitorApp:
    :path: "../../node_modules/@capacitor/app"
  CapacitorCommunityBluetoothLe:
    :path: "../../node_modules/@capacitor-community/bluetooth-le"
  CapacitorCordova:
    :path: "../../node_modules/@capacitor/ios"
  CapacitorHaptics:
    :path: "../../node_modules/@capacitor/haptics"
  CapacitorKeyboard:
    :path: "../../node_modules/@capacitor/keyboard"
  CapacitorPushNotifications:
    :path: "../../node_modules/@capacitor/push-notifications"
  CapacitorStatusBar:
    :path: "../../node_modules/@capacitor/status-bar"

SPEC CHECKSUMS:
  Capacitor: a5bf59e09f9dd82694fdcca4d107b4d215ac470f
  CapacitorApp: 45cb7cbef4aa380b9236fd6980033eb5cde6fcd2
  CapacitorCommunityBluetoothLe: dd86d538624119307c46f5c67f0aa1930198e995
  CapacitorCordova: 31bbe4466000c6b86d9b7f1181ee286cff0205aa
  CapacitorHaptics: 1fba3e460e7614349c6d5f868b1fccdc5c87b66d
  CapacitorKeyboard: 2c26c6fccde35023c579fc37d4cae6326d5e6343
  CapacitorPushNotifications: 57b0df89c5084a19c939e2fbe3b77446fe55a35b
  CapacitorStatusBar: 438e90beeeefa8276b24e6c5991cb02dd13e51bf

PODFILE CHECKSUM: 50da3466246050e8abdbc8bae73b7b436f37540a

COCOAPODS: 1.16.2
